
Microsoft Visual Studio Solution File, Format Version 12.00
# Visual Studio Version 17
VisualStudioVersion = 17.9.34723.18
MinimumVisualStudioVersion = 10.0.40219.1
Project("{FAE04EC0-301F-11D3-BF4B-00C04F79EFBC}") = "StringLibrary", "StringLibrary\StringLibrary.csproj", "{B88B691E-C03C-470D-8FAE-778E852EB97A}"
EndProject
Global
	GlobalSection(SolutionConfigurationPlatforms) = preSolution
		Debug|Any CPU = Debug|Any CPU
		Release|Any CPU = Release|Any CPU
	EndGlobalSection
	GlobalSection(ProjectConfigurationPlatforms) = postSolution
		{B88B691E-C03C-470D-8FAE-778E852EB97A}.Debug|Any CPU.ActiveCfg = Debug|Any CPU
		{B88B691E-C03C-470D-8FAE-778E852EB97A}.Debug|Any CPU.Build.0 = Debug|Any CPU
		{B88B691E-C03C-470D-8FAE-778E852EB97A}.Release|Any CPU.ActiveCfg = Release|Any CPU
		{B88B691E-C03C-470D-8FAE-778E852EB97A}.Release|Any CPU.Build.0 = Release|Any CPU
	EndGlobalSection
	GlobalSection(SolutionProperties) = preSolution
		HideSolutionNode = FALSE
	EndGlobalSection
	GlobalSection(ExtensibilityGlobals) = postSolution
		SolutionGuid = {E244FB18-5342-4A83-9447-D1E78D7A1859}
	EndGlobalSection
EndGlobal
